PODS:
  - Auth0 (2.10.0):
    - JWTDecode (= 3.2.0)
    - SimpleKeychain (= 1.2.0)
  - auth0_flutter (1.14.0):
    - Auth0 (= 2.10.0)
    - Flutter
    - FlutterMacOS
    - JWTDecode (= 3.2.0)
    - SimpleKeychain (= 1.2.0)
  - DKImagePickerController/Core (4.3.9):
    - DKImagePickerController/ImageDataManager
    - DKImagePickerController/Resource
  - DKImagePickerController/ImageDataManager (4.3.9)
  - DKImagePickerController/PhotoGallery (4.3.9):
    - DKImagePickerController/Core
    - DKPhotoGallery
  - DKImagePickerController/Resource (4.3.9)
  - DKPhotoGallery (0.0.19):
    - DKPhotoGallery/Core (= 0.0.19)
    - DKPhotoGallery/Model (= 0.0.19)
    - DKPhotoGallery/Preview (= 0.0.19)
    - DKPhotoGallery/Resource (= 0.0.19)
    - SDWebImage
    - SwiftyGif
  - DKPhotoGallery/Core (0.0.19):
    - DKPhotoGallery/Model
    - DKPhotoGallery/Preview
    - SDWebImage
    - SwiftyGif
  - DKPhotoGallery/Model (0.0.19):
    - SDWebImage
    - SwiftyGif
  - DKPhotoGallery/Preview (0.0.19):
    - DKPhotoGallery/Model
    - DKPhotoGallery/Resource
    - SDWebImage
    - SwiftyGif
  - DKPhotoGallery/Resource (0.0.19):
    - SDWebImage
    - SwiftyGif
  - file_picker (0.0.1):
    - DKImagePickerController/PhotoGallery
    - Flutter
  - Flutter (1.0.0)
  - flutter_secure_storage_darwin (10.0.0):
    - Flutter
    - FlutterMacOS
  - integration_test (0.0.1):
    - Flutter
  - JWTDecode (3.2.0)
  - local_auth_darwin (0.0.1):
    - Flutter
    - FlutterMacOS
  - mobile_scanner (7.0.0):
    - Flutter
    - FlutterMacOS
  - package_info_plus (0.4.5):
    - Flutter
  - path_provider_foundation (0.0.1):
    - Flutter
    - FlutterMacOS
  - SDWebImage (5.21.5):
    - SDWebImage/Core (= 5.21.5)
  - SDWebImage/Core (5.21.5)
  - shared_preferences_foundation (0.0.1):
    - Flutter
    - FlutterMacOS
  - SimpleKeychain (1.2.0)
  - Stripe (24.23.3):
    - StripeApplePay (= 24.23.3)
    - StripeCore (= 24.23.3)
    - StripePayments (= 24.23.3)
    - StripePaymentsUI (= 24.23.3)
    - StripeUICore (= 24.23.3)
  - stripe_ios (0.0.1):
    - Flutter
    - Stripe (~> 24.23.0)
    - stripe_ios/stripe_ios (= 0.0.1)
    - stripe_ios/stripe_objc (= 0.0.1)
    - StripeApplePay (~> 24.23.0)
    - StripeFinancialConnections (~> 24.23.0)
    - StripePayments (~> 24.23.0)
    - StripePaymentSheet (~> 24.23.0)
    - StripePaymentsUI (~> 24.23.0)
  - stripe_ios/stripe_ios (0.0.1):
    - Flutter
    - Stripe (~> 24.23.0)
    - stripe_ios/stripe_objc
    - StripeApplePay (~> 24.23.0)
    - StripeFinancialConnections (~> 24.23.0)
    - StripePayments (~> 24.23.0)
    - StripePaymentSheet (~> 24.23.0)
    - StripePaymentsUI (~> 24.23.0)
  - stripe_ios/stripe_objc (0.0.1):
    - Flutter
    - Stripe (~> 24.23.0)
    - StripeApplePay (~> 24.23.0)
    - StripeFinancialConnections (~> 24.23.0)
    - StripePayments (~> 24.23.0)
    - StripePaymentSheet (~> 24.23.0)
    - StripePaymentsUI (~> 24.23.0)
  - StripeApplePay (24.23.3):
    - StripeCore (= 24.23.3)
  - StripeCore (24.23.3)
  - StripeFinancialConnections (24.23.3):
    - StripeCore (= 24.23.3)
    - StripeUICore (= 24.23.3)
  - StripePayments (24.23.3):
    - StripeCore (= 24.23.3)
    - StripePayments/Stripe3DS2 (= 24.23.3)
  - StripePayments/Stripe3DS2 (24.23.3):
    - StripeCore (= 24.23.3)
  - StripePaymentSheet (24.23.3):
    - StripeApplePay (= 24.23.3)
    - StripeCore (= 24.23.3)
    - StripePayments (= 24.23.3)
    - StripePaymentsUI (= 24.23.3)
  - StripePaymentsUI (24.23.3):
    - StripeCore (= 24.23.3)
    - StripePayments (= 24.23.3)
    - StripeUICore (= 24.23.3)
  - StripeUICore (24.23.3):
    - StripeCore (= 24.23.3)
  - SwiftyGif (5.4.5)
  - url_launcher_ios (0.0.1):
    - Flutter

DEPENDENCIES:
  - auth0_flutter (from `.symlinks/plugins/auth0_flutter/darwin`)
  - file_picker (from `.symlinks/plugins/file_picker/ios`)
  - Flutter (from `Flutter`)
  - flutter_secure_storage_darwin (from `.symlinks/plugins/flutter_secure_storage_darwin/darwin`)
  - integration_test (from `.symlinks/plugins/integration_test/ios`)
  - local_auth_darwin (from `.symlinks/plugins/local_auth_darwin/darwin`)
  - mobile_scanner (from `.symlinks/plugins/mobile_scanner/darwin`)
  - package_info_plus (from `.symlinks/plugins/package_info_plus/ios`)
  - path_provider_foundation (from `.symlinks/plugins/path_provider_foundation/darwin`)
  - shared_preferences_foundation (from `.symlinks/plugins/shared_preferences_foundation/darwin`)
  - stripe_ios (from `.symlinks/plugins/stripe_ios/ios`)
  - url_launcher_ios (from `.symlinks/plugins/url_launcher_ios/ios`)

SPEC REPOS:
  trunk:
    - Auth0
    - DKImagePickerController
    - DKPhotoGallery
    - JWTDecode
    - SDWebImage
    - SimpleKeychain
    - Stripe
    - StripeApplePay
    - StripeCore
    - StripeFinancialConnections
    - StripePayments
    - StripePaymentSheet
    - StripePaymentsUI
    - StripeUICore
    - SwiftyGif

EXTERNAL SOURCES:
  auth0_flutter:
    :path: ".symlinks/plugins/auth0_flutter/darwin"
  file_picker:
    :path: ".symlinks/plugins/file_picker/ios"
  Flutter:
    :path: Flutter
  flutter_secure_storage_darwin:
    :path: ".symlinks/plugins/flutter_secure_storage_darwin/darwin"
  integration_test:
    :path: ".symlinks/plugins/integration_test/ios"
  local_auth_darwin:
    :path: ".symlinks/plugins/local_auth_darwin/darwin"
  mobile_scanner:
    :path: ".symlinks/plugins/mobile_scanner/darwin"
  package_info_plus:
    :path: ".symlinks/plugins/package_info_plus/ios"
  path_provider_foundation:
    :path: ".symlinks/plugins/path_provider_foundation/darwin"
  shared_preferences_foundation:
    :path: ".symlinks/plugins/shared_preferences_foundation/darwin"
  stripe_ios:
    :path: ".symlinks/plugins/stripe_ios/ios"
  url_launcher_ios:
    :path: ".symlinks/plugins/url_launcher_ios/ios"

SPEC CHECKSUMS:
  Auth0: 2876d0c36857422eda9cb580a6cc896c7d14cb36
  auth0_flutter: 031042ca6cf84f1b21611062b33ea7ec4bf3bc52
  DKImagePickerController: 946cec48c7873164274ecc4624d19e3da4c1ef3c
  DKPhotoGallery: b3834fecb755ee09a593d7c9e389d8b5d6deed60
  file_picker: a0560bc09d61de87f12d246fc47d2119e6ef37be
  Flutter: cabc95a1d2626b1b06e7179b784ebcf0c0cde467
  flutter_secure_storage_darwin: acdb3f316ed05a3e68f856e0353b133eec373a23
  integration_test: 4a889634ef21a45d28d50d622cf412dc6d9f586e
  JWTDecode: 7dae24cb9bf9b608eae61e5081029ec169bb5527
  local_auth_darwin: c3ee6cce0a8d56be34c8ccb66ba31f7f180aaebb
  mobile_scanner: 9157936403f5a0644ca3779a38ff8404c5434a93
  package_info_plus: af8e2ca6888548050f16fa2f1938db7b5a5df499
  path_provider_foundation: bb55f6dbba17d0dccd6737fe6f7f34fbd0376880
  SDWebImage: e9c98383c7572d713c1a0d7dd2783b10599b9838
  shared_preferences_foundation: 7036424c3d8ec98dfe75ff1667cb0cd531ec82bb
  SimpleKeychain: 768cf43ae778b1c21816e94dddf01bb8ee96a075
  Stripe: a4b6584549bac3698733ed564e55b0b067cfda8a
  stripe_ios: b720131bae6025a497bf7bb030e238a1a2781f18
  StripeApplePay: c8b005f1b5a242c455f76b42eda08660e9e33102
  StripeCore: 9a87da02c7fefc9b965218210a0902acd71157ab
  StripeFinancialConnections: 331ece5b6446dbf6eac62b94f8e365d0af9e000a
  StripePayments: 95ca9bc60eca45f02cd35b125a67a969c9d62ce7
  StripePaymentSheet: 7bc20a0ab10d91acc06dc449ab61bb2cf221b0f4
  StripePaymentsUI: 1590647b3f635a58fb0e7058d86d3e9ff89250d4
  StripeUICore: a63d95d604e70a5895f9d6b09c49a46757e86353
  SwiftyGif: 706c60cf65fa2bc5ee0313beece843c8eb8194d4
  url_launcher_ios: 7a95fa5b60cc718a708b8f2966718e93db0cef1b

PODFILE CHECKSUM: 7cfb691a8e67656ad6fbc98d86eaee5b4a459abc

COCOAPODS: 1.16.2
