PODS:
  - Auth0 (2.10.0):
    - JWTDecode (= 3.2.0)
    - SimpleKeychain (= 1.2.0)
  - auth0_flutter (1.13.0):
    - Auth0 (= 2.10.0)
    - Flutter
    - FlutterMacOS
    - JWTDecode (= 3.2.0)
    - SimpleKeychain (= 1.2.0)
  - Flutter (1.0.0)
  - JWTDecode (3.2.0)
  - SimpleKeychain (1.2.0)

DEPENDENCIES:
  - auth0_flutter (from `.symlinks/plugins/auth0_flutter/darwin`)
  - Flutter (from `Flutter`)

SPEC REPOS:
  trunk:
    - Auth0
    - JWTDecode
    - SimpleKeychain

EXTERNAL SOURCES:
  auth0_flutter:
    :path: ".symlinks/plugins/auth0_flutter/darwin"
  Flutter:
    :path: Flutter

SPEC CHECKSUMS:
  Auth0: 2876d0c36857422eda9cb580a6cc896c7d14cb36
  auth0_flutter: ed412046132ba605c1ff968259db120def86661b
  Flutter: cabc95a1d2626b1b06e7179b784ebcf0c0cde467
  JWTDecode: 7dae24cb9bf9b608eae61e5081029ec169bb5527
  SimpleKeychain: 768cf43ae778b1c21816e94dddf01bb8ee96a075

PODFILE CHECKSUM: e30f02f9d1c72c47bb6344a0a748c9d268180865

COCOAPODS: 1.16.2
